
Microsoft Visual Studio Solution File, Format Version 12.00
# Visual Studio 2013
VisualStudioVersion = 12.0.30110.0
MinimumVisualStudioVersion = 10.0.40219.1
Project("{FAE04EC0-301F-11D3-BF4B-00C04F79EFBC}") = "Caps.Data", "Caps.Data\Caps.Data.csproj", "{156683F3-9173-47BC-928F-1D31B7FCD45F}"
EndProject
Project("{FAE04EC0-301F-11D3-BF4B-00C04F79EFBC}") = "Caps.Web.UI", "Caps.Web.UI\Caps.Web.UI.csproj", "{701B98CF-FEEC-4A4E-B2CD-949F865E7DFF}"
EndProject
Project("{2150E333-8FDC-42A3-9474-1A3956D46DE8}") = "Solution Items", "Solution Items", "{6B8BE441-1F2B-478A-BE3A-DE355970C534}"
	ProjectSection(SolutionItems) = preProject
		GlobalAssemblyInfo.cs = GlobalAssemblyInfo.cs
		License.txt = License.txt
		README.md = README.md
	EndProjectSection
EndProject
Project("{FAE04EC0-301F-11D3-BF4B-00C04F79EFBC}") = "Caps.Consumer", "Caps.HttpClient\Caps.Consumer.csproj", "{17692B66-B8B9-49AC-9FB6-9FA6D499528F}"
EndProject
Project("{FAE04EC0-301F-11D3-BF4B-00C04F79EFBC}") = "DemoConsoleApplication", "DemoConsoleApplication\DemoConsoleApplication.csproj", "{D4C2D40C-98F1-441B-8483-3B1E6274875F}"
EndProject
Project("{FAE04EC0-301F-11D3-BF4B-00C04F79EFBC}") = "Caps.Web.Imaging", "Caps.Web.Imaging\Caps.Web.Imaging.csproj", "{49AAE045-CE05-42E1-8F50-C8EA8A3F8F59}"
EndProject
Project("{FAE04EC0-301F-11D3-BF4B-00C04F79EFBC}") = "Caps.Consumer.Mvc", "Caps.Consumer.Mvc\Caps.Consumer.Mvc.csproj", "{66935581-FDD0-4A45-9357-24E8E93A9B91}"
EndProject
Project("{FAE04EC0-301F-11D3-BF4B-00C04F79EFBC}") = "Caps.Web.UI.Tests", "Caps.Web.UI.Tests\Caps.Web.UI.Tests.csproj", "{937F057D-154C-4509-AAF1-404237521323}"
EndProject
Project("{FAE04EC0-301F-11D3-BF4B-00C04F79EFBC}") = "DemoWebsite", "DemoWebsite\DemoWebsite.csproj", "{9989DFE7-ABEB-4B8D-88A0-B4A611D44054}"
EndProject
Project("{2150E333-8FDC-42A3-9474-1A3956D46DE8}") = "Consumers", "Consumers", "{FD7784E8-A236-4A29-A538-3F0C7C7CC6B7}"
EndProject
Global
	GlobalSection(SolutionConfigurationPlatforms) = preSolution
		Debug|Any CPU = Debug|Any CPU
		Release|Any CPU = Release|Any CPU
	EndGlobalSection
	GlobalSection(ProjectConfigurationPlatforms) = postSolution
		{156683F3-9173-47BC-928F-1D31B7FCD45F}.Debug|Any CPU.ActiveCfg = Debug|Any CPU
		{156683F3-9173-47BC-928F-1D31B7FCD45F}.Debug|Any CPU.Build.0 = Debug|Any CPU
		{156683F3-9173-47BC-928F-1D31B7FCD45F}.Release|Any CPU.ActiveCfg = Release|Any CPU
		{156683F3-9173-47BC-928F-1D31B7FCD45F}.Release|Any CPU.Build.0 = Release|Any CPU
		{701B98CF-FEEC-4A4E-B2CD-949F865E7DFF}.Debug|Any CPU.ActiveCfg = Debug|Any CPU
		{701B98CF-FEEC-4A4E-B2CD-949F865E7DFF}.Debug|Any CPU.Build.0 = Debug|Any CPU
		{701B98CF-FEEC-4A4E-B2CD-949F865E7DFF}.Release|Any CPU.ActiveCfg = Release|Any CPU
		{701B98CF-FEEC-4A4E-B2CD-949F865E7DFF}.Release|Any CPU.Build.0 = Release|Any CPU
		{17692B66-B8B9-49AC-9FB6-9FA6D499528F}.Debug|Any CPU.ActiveCfg = Debug|Any CPU
		{17692B66-B8B9-49AC-9FB6-9FA6D499528F}.Debug|Any CPU.Build.0 = Debug|Any CPU
		{17692B66-B8B9-49AC-9FB6-9FA6D499528F}.Release|Any CPU.ActiveCfg = Release|Any CPU
		{17692B66-B8B9-49AC-9FB6-9FA6D499528F}.Release|Any CPU.Build.0 = Release|Any CPU
		{D4C2D40C-98F1-441B-8483-3B1E6274875F}.Debug|Any CPU.ActiveCfg = Debug|Any CPU
		{D4C2D40C-98F1-441B-8483-3B1E6274875F}.Debug|Any CPU.Build.0 = Debug|Any CPU
		{D4C2D40C-98F1-441B-8483-3B1E6274875F}.Release|Any CPU.ActiveCfg = Release|Any CPU
		{D4C2D40C-98F1-441B-8483-3B1E6274875F}.Release|Any CPU.Build.0 = Release|Any CPU
		{49AAE045-CE05-42E1-8F50-C8EA8A3F8F59}.Debug|Any CPU.ActiveCfg = Debug|Any CPU
		{49AAE045-CE05-42E1-8F50-C8EA8A3F8F59}.Debug|Any CPU.Build.0 = Debug|Any CPU
		{49AAE045-CE05-42E1-8F50-C8EA8A3F8F59}.Release|Any CPU.ActiveCfg = Release|Any CPU
		{49AAE045-CE05-42E1-8F50-C8EA8A3F8F59}.Release|Any CPU.Build.0 = Release|Any CPU
		{66935581-FDD0-4A45-9357-24E8E93A9B91}.Debug|Any CPU.ActiveCfg = Debug|Any CPU
		{66935581-FDD0-4A45-9357-24E8E93A9B91}.Debug|Any CPU.Build.0 = Debug|Any CPU
		{66935581-FDD0-4A45-9357-24E8E93A9B91}.Release|Any CPU.ActiveCfg = Release|Any CPU
		{66935581-FDD0-4A45-9357-24E8E93A9B91}.Release|Any CPU.Build.0 = Release|Any CPU
		{937F057D-154C-4509-AAF1-404237521323}.Debug|Any CPU.ActiveCfg = Debug|Any CPU
		{937F057D-154C-4509-AAF1-404237521323}.Debug|Any CPU.Build.0 = Debug|Any CPU
		{937F057D-154C-4509-AAF1-404237521323}.Release|Any CPU.ActiveCfg = Release|Any CPU
		{937F057D-154C-4509-AAF1-404237521323}.Release|Any CPU.Build.0 = Release|Any CPU
		{9989DFE7-ABEB-4B8D-88A0-B4A611D44054}.Debug|Any CPU.ActiveCfg = Debug|Any CPU
		{9989DFE7-ABEB-4B8D-88A0-B4A611D44054}.Debug|Any CPU.Build.0 = Debug|Any CPU
		{9989DFE7-ABEB-4B8D-88A0-B4A611D44054}.Release|Any CPU.ActiveCfg = Release|Any CPU
		{9989DFE7-ABEB-4B8D-88A0-B4A611D44054}.Release|Any CPU.Build.0 = Release|Any CPU
	EndGlobalSection
	GlobalSection(SolutionProperties) = preSolution
		HideSolutionNode = FALSE
	EndGlobalSection
	GlobalSection(NestedProjects) = preSolution
		{17692B66-B8B9-49AC-9FB6-9FA6D499528F} = {FD7784E8-A236-4A29-A538-3F0C7C7CC6B7}
		{66935581-FDD0-4A45-9357-24E8E93A9B91} = {FD7784E8-A236-4A29-A538-3F0C7C7CC6B7}
		{D4C2D40C-98F1-441B-8483-3B1E6274875F} = {FD7784E8-A236-4A29-A538-3F0C7C7CC6B7}
		{9989DFE7-ABEB-4B8D-88A0-B4A611D44054} = {FD7784E8-A236-4A29-A538-3F0C7C7CC6B7}
	EndGlobalSection
EndGlobal
